{
    "version": 3,
    "terraform_version": "0.11.11",
    "serial": 3,
    "lineage": "a2d38e1a-2776-5c21-03e5-bb727d9eef60",
    "modules": [
        {
            "path": [
                "root"
            ],
            "outputs": {},
            "resources": {
                "aws_ecs_cluster.ecs-cluster": {
                    "type": "aws_ecs_cluster",
                    "depends_on": [],
                    "primary": {
                        "id": "arn:aws:ecs:ap-southeast-2:353242914974:cluster/example-ecs-cluster",
                        "attributes": {
                            "arn": "arn:aws:ecs:ap-southeast-2:353242914974:cluster/example-ecs-cluster",
                            "id": "arn:aws:ecs:ap-southeast-2:353242914974:cluster/example-ecs-cluster",
                            "name": "example-ecs-cluster",
                            "tags.%": "2",
                            "tags.Environment": "example",
                            "tags.Name": "example-ecs-cluster"
                        },
                        "meta": {},
                        "tainted": false
                    },
                    "deposed": [],
                    "provider": "provider.aws"
                },
                "aws_iam_instance_profile.instance-profile": {
                    "type": "aws_iam_instance_profile",
                    "depends_on": [
                        "aws_iam_role.instance-iam-role"
                    ],
                    "primary": {
                        "id": "ecsInstanceProfile",
                        "attributes": {
                            "arn": "arn:aws:iam::353242914974:instance-profile/ecsInstanceProfile",
                            "create_date": "2019-01-13T00:37:29Z",
                            "id": "ecsInstanceProfile",
                            "name": "ecsInstanceProfile",
                            "path": "/",
                            "role": "ecsInstanceRole",
                            "roles.#": "1",
                            "roles.2161391158": "ecsInstanceRole",
                            "unique_id": "AIPAI6U4W6I732QXSS6NC"
                        },
                        "meta": {},
                        "tainted": false
                    },
                    "deposed": [],
                    "provider": "provider.aws"
                },
                "aws_iam_role.autoscale-iam-role": {
                    "type": "aws_iam_role",
                    "depends_on": [],
                    "primary": {
                        "id": "ecsAutoscaleRole",
                        "attributes": {
                            "arn": "arn:aws:iam::353242914974:role/ecsAutoscaleRole",
                            "assume_role_policy": "{\"Version\":\"2012-10-17\",\"Statement\":[{\"Effect\":\"Allow\",\"Principal\":{\"Service\":\"application-autoscaling.amazonaws.com\"},\"Action\":\"sts:AssumeRole\"}]}",
                            "create_date": "2019-01-13T00:37:26Z",
                            "description": "",
                            "force_detach_policies": "false",
                            "id": "ecsAutoscaleRole",
                            "max_session_duration": "3600",
                            "name": "ecsAutoscaleRole",
                            "path": "/",
                            "tags.%": "0",
                            "unique_id": "AROAJN3F242QE4YQ22PYO"
                        },
                        "meta": {},
                        "tainted": false
                    },
                    "deposed": [],
                    "provider": "provider.aws"
                },
                "aws_iam_role.instance-iam-role": {
                    "type": "aws_iam_role",
                    "depends_on": [],
                    "primary": {
                        "id": "ecsInstanceRole",
                        "attributes": {
                            "arn": "arn:aws:iam::353242914974:role/ecsInstanceRole",
                            "assume_role_policy": "{\"Version\":\"2008-10-17\",\"Statement\":[{\"Sid\":\"\",\"Effect\":\"Allow\",\"Principal\":{\"Service\":\"ec2.amazonaws.com\"},\"Action\":\"sts:AssumeRole\"}]}",
                            "create_date": "2019-01-13T00:37:26Z",
                            "description": "",
                            "force_detach_policies": "false",
                            "id": "ecsInstanceRole",
                            "max_session_duration": "3600",
                            "name": "ecsInstanceRole",
                            "path": "/",
                            "tags.%": "0",
                            "unique_id": "AROAJRR5OLYW22OSIMA3O"
                        },
                        "meta": {},
                        "tainted": false
                    },
                    "deposed": [],
                    "provider": "provider.aws"
                },
                "aws_iam_role.service-iam-role": {
                    "type": "aws_iam_role",
                    "depends_on": [],
                    "primary": {
                        "id": "ecsServiceRole",
                        "attributes": {
                            "arn": "arn:aws:iam::353242914974:role/ecsServiceRole",
                            "assume_role_policy": "{\"Version\":\"2008-10-17\",\"Statement\":[{\"Sid\":\"\",\"Effect\":\"Allow\",\"Principal\":{\"Service\":\"ecs.amazonaws.com\"},\"Action\":\"sts:AssumeRole\"}]}",
                            "create_date": "2019-01-13T00:37:26Z",
                            "description": "",
                            "force_detach_policies": "false",
                            "id": "ecsServiceRole",
                            "max_session_duration": "3600",
                            "name": "ecsServiceRole",
                            "path": "/",
                            "tags.%": "0",
                            "unique_id": "AROAIOI4BG4VRHS5XQCZA"
                        },
                        "meta": {},
                        "tainted": false
                    },
                    "deposed": [],
                    "provider": "provider.aws"
                },
                "aws_iam_role_policy_attachment.autoscale-iam-role-policy-attachment": {
                    "type": "aws_iam_role_policy_attachment",
                    "depends_on": [
                        "aws_iam_role.autoscale-iam-role",
                        "data.aws_iam_policy.autoscale-iam-policy"
                    ],
                    "primary": {
                        "id": "ecsAutoscaleRole-20190113003729543400000001",
                        "attributes": {
                            "id": "ecsAutoscaleRole-20190113003729543400000001",
                            "policy_arn": "arn:aws:iam::aws:policy/service-role/AmazonEC2ContainerServiceAutoscaleRole",
                            "role": "ecsAutoscaleRole"
                        },
                        "meta": {},
                        "tainted": false
                    },
                    "deposed": [],
                    "provider": "provider.aws"
                },
                "aws_iam_role_policy_attachment.instance-iam-role-policy-attachment": {
                    "type": "aws_iam_role_policy_attachment",
                    "depends_on": [
                        "aws_iam_role.instance-iam-role",
                        "data.aws_iam_policy.instance-iam-policy"
                    ],
                    "primary": {
                        "id": "ecsInstanceRole-20190113003729829000000003",
                        "attributes": {
                            "id": "ecsInstanceRole-20190113003729829000000003",
                            "policy_arn": "arn:aws:iam::aws:policy/service-role/AmazonEC2ContainerServiceforEC2Role",
                            "role": "ecsInstanceRole"
                        },
                        "meta": {},
                        "tainted": false
                    },
                    "deposed": [],
                    "provider": "provider.aws"
                },
                "aws_iam_role_policy_attachment.service-iam-role-policy-attachment": {
                    "type": "aws_iam_role_policy_attachment",
                    "depends_on": [
                        "aws_iam_role.service-iam-role",
                        "data.aws_iam_policy.service-iam-policy"
                    ],
                    "primary": {
                        "id": "ecsServiceRole-20190113003729827500000002",
                        "attributes": {
                            "id": "ecsServiceRole-20190113003729827500000002",
                            "policy_arn": "arn:aws:iam::aws:policy/service-role/AmazonEC2ContainerServiceRole",
                            "role": "ecsServiceRole"
                        },
                        "meta": {},
                        "tainted": false
                    },
                    "deposed": [],
                    "provider": "provider.aws"
                },
                "aws_internet_gateway.internet-gateway": {
                    "type": "aws_internet_gateway",
                    "depends_on": [
                        "aws_vpc.vpc"
                    ],
                    "primary": {
                        "id": "igw-057d5197085075b6c",
                        "attributes": {
                            "id": "igw-057d5197085075b6c",
                            "owner_id": "353242914974",
                            "tags.%": "2",
                            "tags.Environment": "example",
                            "tags.Name": "example-internet-gateway",
                            "vpc_id": "vpc-046260c6b5071ffa8"
                        },
                        "meta": {},
                        "tainted": false
                    },
                    "deposed": [],
                    "provider": "provider.aws"
                },
                "aws_key_pair.key-pair": {
                    "type": "aws_key_pair",
                    "depends_on": [],
                    "primary": {
                        "id": "luther",
                        "attributes": {
                            "fingerprint": "ee:f7:76:4e:7f:c0:fc:c9:9d:c0:14:95:eb:99:ba:8f",
                            "id": "luther",
                            "key_name": "luther",
                            "public_key": "ssh-rsa AAAAB3NzaC1yc2EAAAADAQABAAACAQCs8dOOOjrYP6D8Axr78JO1ZCS52ynlVWTNCKzMgsREB/dCPXrfWoRiOXTDsfPS/iS+CtmJ/t0VTC5jIja1sJ8yderuiMVJr4hoa7kfB3+wRC0cNSj5kc9SzMnbO33Ul5CmxpcJpDpuWpeB3yZjaZ7DdGZgEPmxgjjLDLBjDNCAqKUYIBuri9Iv43RW7gADvDRB1NTRqzXYPhdo/cKvSQZr6vQq1PdSyJSzXu9UYP/06suJhgNatEHDvbxom4fmvs1aaCFBS/kGFFtoQcUzahVn6+LkMM8O6Xd4x96+PWozWIVGkGEs2mDZ2Eq1jF96TwSZ2YA4Z4eT/gcnJTQ4P2m2wde7vxIuNJ/ADgniZvW2urXiQabyqgGfCWD1jBAaRM3Wxr1prkkp/GPWPySPR0aBH3ecJKP6BqKKA0SoVf8BMJ6L009U651H4293ClHomjOKT6GGyOaARK8PRr7/SzfGTx+TMQ211hU0Si9g+hREhMVVqjeZa38gkcgmGhOM2kUpngNyUdVj6SUFS+1CBW98plKO1dBa+86AhRMLtoNmkaf/HHNoW51aC/wYMtm3pOApFJaw9pwIymM5+bJPgYvHH0nnQTcMjlHSJ6sy7wtvFycZeJ2Q6ps/62wTdPrY1do0SqTPFafbaTPFwTuaOy8xG8uzalon8zAaYeZElNFgRQ== luther@encapto.com"
                        },
                        "meta": {
                            "schema_version": "1"
                        },
                        "tainted": false
                    },
                    "deposed": [],
                    "provider": "provider.aws"
                },
                "aws_launch_configuration.launch-configuration": {
                    "type": "aws_launch_configuration",
                    "depends_on": [
                        "aws_iam_instance_profile.instance-profile",
                        "aws_key_pair.key-pair",
                        "aws_security_group.ecs-cluster",
                        "data.template_file.user-data"
                    ],
                    "primary": {
                        "id": "example-launch-configuration",
                        "attributes": {
                            "associate_public_ip_address": "true",
                            "ebs_block_device.#": "0",
                            "ebs_optimized": "false",
                            "enable_monitoring": "true",
                            "ephemeral_block_device.#": "0",
                            "iam_instance_profile": "ecsInstanceProfile",
                            "id": "example-launch-configuration",
                            "image_id": "ami-00f815702af6b8889",
                            "instance_type": "t2.micro",
                            "key_name": "luther",
                            "name": "example-launch-configuration",
                            "root_block_device.#": "0",
                            "security_groups.#": "1",
                            "security_groups.101589158": "sg-0dd3ed900a994d075",
                            "spot_price": "",
                            "user_data": "1fca6ff63234a91158ebeeaeae250490360235e6",
                            "vpc_classic_link_id": "",
                            "vpc_classic_link_security_groups.#": "0"
                        },
                        "meta": {},
                        "tainted": false
                    },
                    "deposed": [],
                    "provider": "provider.aws"
                },
                "aws_route_table.route-table": {
                    "type": "aws_route_table",
                    "depends_on": [
                        "aws_internet_gateway.internet-gateway",
                        "aws_vpc.vpc"
                    ],
                    "primary": {
                        "id": "rtb-0ea9f965c4c87225f",
                        "attributes": {
                            "id": "rtb-0ea9f965c4c87225f",
                            "owner_id": "353242914974",
                            "propagating_vgws.#": "0",
                            "route.#": "1",
                            "route.350972132.cidr_block": "0.0.0.0/0",
                            "route.350972132.egress_only_gateway_id": "",
                            "route.350972132.gateway_id": "igw-057d5197085075b6c",
                            "route.350972132.instance_id": "",
                            "route.350972132.ipv6_cidr_block": "",
                            "route.350972132.nat_gateway_id": "",
                            "route.350972132.network_interface_id": "",
                            "route.350972132.transit_gateway_id": "",
                            "route.350972132.vpc_peering_connection_id": "",
                            "tags.%": "2",
                            "tags.Environment": "example",
                            "tags.Name": "example-route-table",
                            "vpc_id": "vpc-046260c6b5071ffa8"
                        },
                        "meta": {},
                        "tainted": false
                    },
                    "deposed": [],
                    "provider": "provider.aws"
                },
                "aws_route_table_association.route-table-association.0": {
                    "type": "aws_route_table_association",
                    "depends_on": [
                        "aws_route_table.route-table",
                        "aws_subnet.subnet.*"
                    ],
                    "primary": {
                        "id": "rtbassoc-049bdb4ce95293ed3",
                        "attributes": {
                            "id": "rtbassoc-049bdb4ce95293ed3",
                            "route_table_id": "rtb-0ea9f965c4c87225f",
                            "subnet_id": "subnet-0ab0ce0df14dae682"
                        },
                        "meta": {},
                        "tainted": false
                    },
                    "deposed": [],
                    "provider": "provider.aws"
                },
                "aws_route_table_association.route-table-association.1": {
                    "type": "aws_route_table_association",
                    "depends_on": [
                        "aws_route_table.route-table",
                        "aws_subnet.subnet.*"
                    ],
                    "primary": {
                        "id": "rtbassoc-03ec00aca9b6dff09",
                        "attributes": {
                            "id": "rtbassoc-03ec00aca9b6dff09",
                            "route_table_id": "rtb-0ea9f965c4c87225f",
                            "subnet_id": "subnet-00a92ef52c9b0f32a"
                        },
                        "meta": {},
                        "tainted": false
                    },
                    "deposed": [],
                    "provider": "provider.aws"
                },
                "aws_route_table_association.route-table-association.2": {
                    "type": "aws_route_table_association",
                    "depends_on": [
                        "aws_route_table.route-table",
                        "aws_subnet.subnet.*"
                    ],
                    "primary": {
                        "id": "rtbassoc-0f1fd9f610ec741d8",
                        "attributes": {
                            "id": "rtbassoc-0f1fd9f610ec741d8",
                            "route_table_id": "rtb-0ea9f965c4c87225f",
                            "subnet_id": "subnet-0d6d807c887e02f25"
                        },
                        "meta": {},
                        "tainted": false
                    },
                    "deposed": [],
                    "provider": "provider.aws"
                },
                "aws_security_group.ecs-cluster": {
                    "type": "aws_security_group",
                    "depends_on": [
                        "aws_security_group.elb",
                        "aws_vpc.vpc"
                    ],
                    "primary": {
                        "id": "sg-0dd3ed900a994d075",
                        "attributes": {
                            "arn": "arn:aws:ec2:ap-southeast-2:353242914974:security-group/sg-0dd3ed900a994d075",
                            "description": "Managed by Terraform",
                            "egress.#": "1",
                            "egress.883563699.cidr_blocks.#": "1",
                            "egress.883563699.cidr_blocks.0": "0.0.0.0/0",
                            "egress.883563699.description": "Allow all traffic.",
                            "egress.883563699.from_port": "0",
                            "egress.883563699.ipv6_cidr_blocks.#": "0",
                            "egress.883563699.prefix_list_ids.#": "0",
                            "egress.883563699.protocol": "-1",
                            "egress.883563699.security_groups.#": "0",
                            "egress.883563699.self": "false",
                            "egress.883563699.to_port": "0",
                            "id": "sg-0dd3ed900a994d075",
                            "ingress.#": "2",
                            "ingress.312480984.cidr_blocks.#": "0",
                            "ingress.312480984.description": "Allow all traffic from ELB security group.",
                            "ingress.312480984.from_port": "0",
                            "ingress.312480984.ipv6_cidr_blocks.#": "0",
                            "ingress.312480984.prefix_list_ids.#": "0",
                            "ingress.312480984.protocol": "-1",
                            "ingress.312480984.security_groups.#": "1",
                            "ingress.312480984.security_groups.3962075423": "sg-0e806449ac2c88d6f",
                            "ingress.312480984.self": "false",
                            "ingress.312480984.to_port": "0",
                            "ingress.3333801858.cidr_blocks.#": "0",
                            "ingress.3333801858.description": "Allow all traffic from self.",
                            "ingress.3333801858.from_port": "0",
                            "ingress.3333801858.ipv6_cidr_blocks.#": "0",
                            "ingress.3333801858.prefix_list_ids.#": "0",
                            "ingress.3333801858.protocol": "-1",
                            "ingress.3333801858.security_groups.#": "0",
                            "ingress.3333801858.self": "true",
                            "ingress.3333801858.to_port": "0",
                            "name": "example-ecs-cluster-security-group",
                            "owner_id": "353242914974",
                            "revoke_rules_on_delete": "false",
                            "tags.%": "2",
                            "tags.Environment": "example",
                            "tags.Name": "example-ecs-cluster-security-group",
                            "vpc_id": "vpc-046260c6b5071ffa8"
                        },
                        "meta": {
                            "e2bfb730-ecaa-11e6-8f88-34363bc7c4c0": {
                                "create": 600000000000,
                                "delete": 600000000000
                            },
                            "schema_version": "1"
                        },
                        "tainted": false
                    },
                    "deposed": [],
                    "provider": "provider.aws"
                },
                "aws_security_group.elb": {
                    "type": "aws_security_group",
                    "depends_on": [
                        "aws_vpc.vpc"
                    ],
                    "primary": {
                        "id": "sg-0e806449ac2c88d6f",
                        "attributes": {
                            "arn": "arn:aws:ec2:ap-southeast-2:353242914974:security-group/sg-0e806449ac2c88d6f",
                            "description": "Managed by Terraform",
                            "egress.#": "0",
                            "id": "sg-0e806449ac2c88d6f",
                            "ingress.#": "4",
                            "ingress.1806890854.cidr_blocks.#": "1",
                            "ingress.1806890854.cidr_blocks.0": "0.0.0.0/0",
                            "ingress.1806890854.description": "Allow TCP port 80 (HTTP) from anywhere.",
                            "ingress.1806890854.from_port": "80",
                            "ingress.1806890854.ipv6_cidr_blocks.#": "0",
                            "ingress.1806890854.prefix_list_ids.#": "0",
                            "ingress.1806890854.protocol": "tcp",
                            "ingress.1806890854.security_groups.#": "0",
                            "ingress.1806890854.self": "false",
                            "ingress.1806890854.to_port": "80",
                            "ingress.2822445461.cidr_blocks.#": "1",
                            "ingress.2822445461.cidr_blocks.0": "0.0.0.0/0",
                            "ingress.2822445461.description": "Allow TCP port 443 (HTTPS) from anywhere.",
                            "ingress.2822445461.from_port": "443",
                            "ingress.2822445461.ipv6_cidr_blocks.#": "0",
                            "ingress.2822445461.prefix_list_ids.#": "0",
                            "ingress.2822445461.protocol": "tcp",
                            "ingress.2822445461.security_groups.#": "0",
                            "ingress.2822445461.self": "false",
                            "ingress.2822445461.to_port": "443",
                            "ingress.3554281456.cidr_blocks.#": "1",
                            "ingress.3554281456.cidr_blocks.0": "49.199.20.250/32",
                            "ingress.3554281456.description": "Allow ICMP from trusted networks.",
                            "ingress.3554281456.from_port": "0",
                            "ingress.3554281456.ipv6_cidr_blocks.#": "0",
                            "ingress.3554281456.prefix_list_ids.#": "0",
                            "ingress.3554281456.protocol": "icmp",
                            "ingress.3554281456.security_groups.#": "0",
                            "ingress.3554281456.self": "false",
                            "ingress.3554281456.to_port": "8",
                            "ingress.516301231.cidr_blocks.#": "1",
                            "ingress.516301231.cidr_blocks.0": "49.199.20.250/32",
                            "ingress.516301231.description": "Allow TCP port 22 (SSH) from trusted networks.",
                            "ingress.516301231.from_port": "443",
                            "ingress.516301231.ipv6_cidr_blocks.#": "0",
                            "ingress.516301231.prefix_list_ids.#": "0",
                            "ingress.516301231.protocol": "tcp",
                            "ingress.516301231.security_groups.#": "0",
                            "ingress.516301231.self": "false",
                            "ingress.516301231.to_port": "443",
                            "name": "example-elb-security-group",
                            "owner_id": "353242914974",
                            "revoke_rules_on_delete": "false",
                            "tags.%": "2",
                            "tags.Environment": "example",
                            "tags.Name": "example-elb-security-group",
                            "vpc_id": "vpc-046260c6b5071ffa8"
                        },
                        "meta": {
                            "e2bfb730-ecaa-11e6-8f88-34363bc7c4c0": {
                                "create": 600000000000,
                                "delete": 600000000000
                            },
                            "schema_version": "1"
                        },
                        "tainted": false
                    },
                    "deposed": [],
                    "provider": "provider.aws"
                },
                "aws_subnet.subnet.0": {
                    "type": "aws_subnet",
                    "depends_on": [
                        "aws_vpc.vpc"
                    ],
                    "primary": {
                        "id": "subnet-0ab0ce0df14dae682",
                        "attributes": {
                            "arn": "arn:aws:ec2:ap-southeast-2:353242914974:subnet/subnet-0ab0ce0df14dae682",
                            "assign_ipv6_address_on_creation": "false",
                            "availability_zone": "ap-southeast-2a",
                            "availability_zone_id": "apse2-az3",
                            "cidr_block": "10.0.0.0/24",
                            "id": "subnet-0ab0ce0df14dae682",
                            "ipv6_cidr_block": "",
                            "ipv6_cidr_block_association_id": "",
                            "map_public_ip_on_launch": "false",
                            "owner_id": "353242914974",
                            "tags.%": "2",
                            "tags.Environment": "example",
                            "tags.Name": "example-ap-southeast-2a-subnet",
                            "vpc_id": "vpc-046260c6b5071ffa8"
                        },
                        "meta": {
                            "e2bfb730-ecaa-11e6-8f88-34363bc7c4c0": {
                                "create": 600000000000,
                                "delete": 600000000000
                            },
                            "schema_version": "1"
                        },
                        "tainted": false
                    },
                    "deposed": [],
                    "provider": "provider.aws"
                },
                "aws_subnet.subnet.1": {
                    "type": "aws_subnet",
                    "depends_on": [
                        "aws_vpc.vpc"
                    ],
                    "primary": {
                        "id": "subnet-00a92ef52c9b0f32a",
                        "attributes": {
                            "arn": "arn:aws:ec2:ap-southeast-2:353242914974:subnet/subnet-00a92ef52c9b0f32a",
                            "assign_ipv6_address_on_creation": "false",
                            "availability_zone": "ap-southeast-2b",
                            "availability_zone_id": "apse2-az1",
                            "cidr_block": "10.0.1.0/24",
                            "id": "subnet-00a92ef52c9b0f32a",
                            "ipv6_cidr_block": "",
                            "ipv6_cidr_block_association_id": "",
                            "map_public_ip_on_launch": "false",
                            "owner_id": "353242914974",
                            "tags.%": "2",
                            "tags.Environment": "example",
                            "tags.Name": "example-ap-southeast-2b-subnet",
                            "vpc_id": "vpc-046260c6b5071ffa8"
                        },
                        "meta": {
                            "e2bfb730-ecaa-11e6-8f88-34363bc7c4c0": {
                                "create": 600000000000,
                                "delete": 600000000000
                            },
                            "schema_version": "1"
                        },
                        "tainted": false
                    },
                    "deposed": [],
                    "provider": "provider.aws"
                },
                "aws_subnet.subnet.2": {
                    "type": "aws_subnet",
                    "depends_on": [
                        "aws_vpc.vpc"
                    ],
                    "primary": {
                        "id": "subnet-0d6d807c887e02f25",
                        "attributes": {
                            "arn": "arn:aws:ec2:ap-southeast-2:353242914974:subnet/subnet-0d6d807c887e02f25",
                            "assign_ipv6_address_on_creation": "false",
                            "availability_zone": "ap-southeast-2c",
                            "availability_zone_id": "apse2-az2",
                            "cidr_block": "10.0.2.0/24",
                            "id": "subnet-0d6d807c887e02f25",
                            "ipv6_cidr_block": "",
                            "ipv6_cidr_block_association_id": "",
                            "map_public_ip_on_launch": "false",
                            "owner_id": "353242914974",
                            "tags.%": "2",
                            "tags.Environment": "example",
                            "tags.Name": "example-ap-southeast-2c-subnet",
                            "vpc_id": "vpc-046260c6b5071ffa8"
                        },
                        "meta": {
                            "e2bfb730-ecaa-11e6-8f88-34363bc7c4c0": {
                                "create": 600000000000,
                                "delete": 600000000000
                            },
                            "schema_version": "1"
                        },
                        "tainted": false
                    },
                    "deposed": [],
                    "provider": "provider.aws"
                },
                "aws_vpc.vpc": {
                    "type": "aws_vpc",
                    "depends_on": [],
                    "primary": {
                        "id": "vpc-046260c6b5071ffa8",
                        "attributes": {
                            "arn": "arn:aws:ec2:ap-southeast-2:353242914974:vpc/vpc-046260c6b5071ffa8",
                            "assign_generated_ipv6_cidr_block": "false",
                            "cidr_block": "10.0.0.0/16",
                            "default_network_acl_id": "acl-039e9ea93956b57a4",
                            "default_route_table_id": "rtb-06270238b7147a3a8",
                            "default_security_group_id": "sg-0af3a5099342cbb8c",
                            "dhcp_options_id": "dopt-d7b605b2",
                            "enable_classiclink": "false",
                            "enable_classiclink_dns_support": "false",
                            "enable_dns_hostnames": "true",
                            "enable_dns_support": "true",
                            "id": "vpc-046260c6b5071ffa8",
                            "instance_tenancy": "default",
                            "ipv6_association_id": "",
                            "ipv6_cidr_block": "",
                            "main_route_table_id": "rtb-06270238b7147a3a8",
                            "owner_id": "353242914974",
                            "tags.%": "2",
                            "tags.Environment": "example",
                            "tags.Name": "example-vpc"
                        },
                        "meta": {
                            "schema_version": "1"
                        },
                        "tainted": false
                    },
                    "deposed": [],
                    "provider": "provider.aws"
                },
                "data.aws_iam_policy.autoscale-iam-policy": {
                    "type": "aws_iam_policy",
                    "depends_on": [],
                    "primary": {
                        "id": "arn:aws:iam::aws:policy/service-role/AmazonEC2ContainerServiceAutoscaleRole",
                        "attributes": {
                            "arn": "arn:aws:iam::aws:policy/service-role/AmazonEC2ContainerServiceAutoscaleRole",
                            "description": "  Policy to enable Task Autoscaling for Amazon EC2 Container Service",
                            "id": "arn:aws:iam::aws:policy/service-role/AmazonEC2ContainerServiceAutoscaleRole",
                            "name": "AmazonEC2ContainerServiceAutoscaleRole",
                            "path": "/service-role/",
                            "policy": "{\n    \"Version\": \"2012-10-17\",\n    \"Statement\": [\n        {\n            \"Effect\": \"Allow\",\n            \"Action\": [\n                \"ecs:DescribeServices\",\n                \"ecs:UpdateService\"\n            ],\n            \"Resource\": [\n                \"*\"\n            ]\n        },\n        {\n            \"Effect\": \"Allow\",\n            \"Action\": [\n                \"cloudwatch:DescribeAlarms\",\n                \"cloudwatch:PutMetricAlarm\"\n            ],\n            \"Resource\": [\n                \"*\"\n            ]\n        }\n    ]\n}"
                        },
                        "meta": {},
                        "tainted": false
                    },
                    "deposed": [],
                    "provider": "provider.aws"
                },
                "data.aws_iam_policy.instance-iam-policy": {
                    "type": "aws_iam_policy",
                    "depends_on": [],
                    "primary": {
                        "id": "arn:aws:iam::aws:policy/service-role/AmazonEC2ContainerServiceforEC2Role",
                        "attributes": {
                            "arn": "arn:aws:iam::aws:policy/service-role/AmazonEC2ContainerServiceforEC2Role",
                            "description": "Default policy for the Amazon EC2 Role for Amazon EC2 Container Service.",
                            "id": "arn:aws:iam::aws:policy/service-role/AmazonEC2ContainerServiceforEC2Role",
                            "name": "AmazonEC2ContainerServiceforEC2Role",
                            "path": "/service-role/",
                            "policy": "{\n  \"Version\": \"2012-10-17\",\n  \"Statement\": [\n    {\n      \"Effect\": \"Allow\",\n      \"Action\": [\n        \"ecs:CreateCluster\",\n        \"ecs:DeregisterContainerInstance\",\n        \"ecs:DiscoverPollEndpoint\",\n        \"ecs:Poll\",\n        \"ecs:RegisterContainerInstance\",\n        \"ecs:StartTelemetrySession\",\n        \"ecs:UpdateContainerInstancesState\",\n        \"ecs:Submit*\",\n        \"ecr:GetAuthorizationToken\",\n        \"ecr:BatchCheckLayerAvailability\",\n        \"ecr:GetDownloadUrlForLayer\",\n        \"ecr:BatchGetImage\",\n        \"logs:CreateLogStream\",\n        \"logs:PutLogEvents\"\n      ],\n      \"Resource\": \"*\"\n    }\n  ]\n}"
                        },
                        "meta": {},
                        "tainted": false
                    },
                    "deposed": [],
                    "provider": "provider.aws"
                },
                "data.aws_iam_policy.service-iam-policy": {
                    "type": "aws_iam_policy",
                    "depends_on": [],
                    "primary": {
                        "id": "arn:aws:iam::aws:policy/service-role/AmazonEC2ContainerServiceRole",
                        "attributes": {
                            "arn": "arn:aws:iam::aws:policy/service-role/AmazonEC2ContainerServiceRole",
                            "description": "Default policy for Amazon ECS service role.",
                            "id": "arn:aws:iam::aws:policy/service-role/AmazonEC2ContainerServiceRole",
                            "name": "AmazonEC2ContainerServiceRole",
                            "path": "/service-role/",
                            "policy": "{\n  \"Version\": \"2012-10-17\",\n  \"Statement\": [\n    {\n      \"Effect\": \"Allow\",\n      \"Action\": [\n        \"ec2:AuthorizeSecurityGroupIngress\",\n        \"ec2:Describe*\",\n        \"elasticloadbalancing:DeregisterInstancesFromLoadBalancer\",\n        \"elasticloadbalancing:DeregisterTargets\",\n        \"elasticloadbalancing:Describe*\",\n        \"elasticloadbalancing:RegisterInstancesWithLoadBalancer\",\n        \"elasticloadbalancing:RegisterTargets\"\n      ],\n      \"Resource\": \"*\"\n    }\n  ]\n}"
                        },
                        "meta": {},
                        "tainted": false
                    },
                    "deposed": [],
                    "provider": "provider.aws"
                },
                "data.template_file.user-data": {
                    "type": "template_file",
                    "depends_on": [],
                    "primary": {
                        "id": "ec7c7edc43380b39443e480954a09bd6edbdc9f3dc484ca79994b214bf8de681",
                        "attributes": {
                            "id": "ec7c7edc43380b39443e480954a09bd6edbdc9f3dc484ca79994b214bf8de681",
                            "rendered": "#!/bin/sh\n\nset -e\n\n# Set the ECS cluster name.\necho ECS_CLUSTER='example-ecs-cluster' \u003e /etc/ecs/ecs.config\n\n# Install iptables-services.\nyum install -y iptables-services\n\n# Prevent containers running in the ECS cluster from assuming the IAM\n# permissions of the host instance.\niptables \\\n    --insert FORWARD 1 \\\n    --in-interface docker+ \\\n    --destination 169.254.169.254/32 \\\n    --jump DROP\n\n# Save iptables rules.\niptables-save | /etc/sysconfig/iptables\n\n# Enable and start iptables.\nsystemctl enable --now iptables\n",
                            "template": "#!/bin/sh\n\nset -e\n\n# Set the ECS cluster name.\necho ECS_CLUSTER='${cluster_name}' \u003e /etc/ecs/ecs.config\n\n# Install iptables-services.\nyum install -y iptables-services\n\n# Prevent containers running in the ECS cluster from assuming the IAM\n# permissions of the host instance.\niptables \\\n    --insert FORWARD 1 \\\n    --in-interface docker+ \\\n    --destination 169.254.169.254/32 \\\n    --jump DROP\n\n# Save iptables rules.\niptables-save | /etc/sysconfig/iptables\n\n# Enable and start iptables.\nsystemctl enable --now iptables\n",
                            "vars.%": "1",
                            "vars.cluster_name": "example-ecs-cluster"
                        },
                        "meta": {},
                        "tainted": false
                    },
                    "deposed": [],
                    "provider": "provider.template"
                }
            },
            "depends_on": []
        }
    ]
}
